
Microsoft Visual Studio Solution File, Format Version 12.00
# Visual Studio Version 17
VisualStudioVersion = 17.6.33829.357
MinimumVisualStudioVersion = 10.0.40219.1
Project("{FAE04EC0-301F-11D3-BF4B-00C04F79EFBC}") = "ActionGit", "ActionGit.csproj", "{41A109A4-B50C-4D19-B446-EE7C5BEFB127}"
EndProject
Global
	GlobalSection(SolutionConfigurationPlatforms) = preSolution
		Debug|Any CPU = Debug|Any CPU
		Release|Any CPU = Release|Any CPU
	EndGlobalSection
	GlobalSection(ProjectConfigurationPlatforms) = postSolution
		{41A109A4-B50C-4D19-B446-EE7C5BEFB127}.Debug|Any CPU.ActiveCfg = Debug|Any CPU
		{41A109A4-B50C-4D19-B446-EE7C5BEFB127}.Debug|Any CPU.Build.0 = Debug|Any CPU
		{41A109A4-B50C-4D19-B446-EE7C5BEFB127}.Release|Any CPU.ActiveCfg = Release|Any CPU
		{41A109A4-B50C-4D19-B446-EE7C5BEFB127}.Release|Any CPU.Build.0 = Release|Any CPU
	EndGlobalSection
	GlobalSection(SolutionProperties) = preSolution
		HideSolutionNode = FALSE
	EndGlobalSection
	GlobalSection(ExtensibilityGlobals) = postSolution
		SolutionGuid = {DCEF330C-4F3C-4759-9335-D55A4212ECED}
	EndGlobalSection
EndGlobal
